
Microsoft Visual Studio Solution File, Format Version 12.00
# Visual Studio Version 16
VisualStudioVersion = 16.0.33027.164
MinimumVisualStudioVersion = 10.0.40219.1
Project("{FAE04EC0-301F-11D3-BF4B-00C04F79EFBC}") = "MindrayBC6200_console", "MindrayBC6200_console\MindrayBC6200_console.csproj", "{86990245-FF4A-49AF-ADC5-61781F65AFEA}"
EndProject
Global
	GlobalSection(SolutionConfigurationPlatforms) = preSolution
		Debug|Any CPU = Debug|Any CPU
		Release|Any CPU = Release|Any CPU
	EndGlobalSection
	GlobalSection(ProjectConfigurationPlatforms) = postSolution
		{86990245-FF4A-49AF-ADC5-61781F65AFEA}.Debug|Any CPU.ActiveCfg = Debug|Any CPU
		{86990245-FF4A-49AF-ADC5-61781F65AFEA}.Debug|Any CPU.Build.0 = Debug|Any CPU
		{86990245-FF4A-49AF-ADC5-61781F65AFEA}.Release|Any CPU.ActiveCfg = Release|Any CPU
		{86990245-FF4A-49AF-ADC5-61781F65AFEA}.Release|Any CPU.Build.0 = Release|Any CPU
	EndGlobalSection
	GlobalSection(SolutionProperties) = preSolution
		HideSolutionNode = FALSE
	EndGlobalSection
	GlobalSection(ExtensibilityGlobals) = postSolution
		SolutionGuid = {007DD5E7-8369-4F4A-A739-603DC0E7A28B}
	EndGlobalSection
EndGlobal
