
Microsoft Visual Studio Solution File, Format Version 12.00
# Visual Studio Version 16
VisualStudioVersion = 16.0.29411.108
MinimumVisualStudioVersion = 10.0.40219.1
Project("{FAE04EC0-301F-11D3-BF4B-00C04F79EFBC}") = "MindrayBS620M_console", "MindrayBS620M_console\MindrayBS620M_console.csproj", "{3784C78E-8697-47AA-9728-5E8C2D041953}"
EndProject
Global
	GlobalSection(SolutionConfigurationPlatforms) = preSolution
		Debug|Any CPU = Debug|Any CPU
		Release|Any CPU = Release|Any CPU
	EndGlobalSection
	GlobalSection(ProjectConfigurationPlatforms) = postSolution
		{3784C78E-8697-47AA-9728-5E8C2D041953}.Debug|Any CPU.ActiveCfg = Debug|Any CPU
		{3784C78E-8697-47AA-9728-5E8C2D041953}.Debug|Any CPU.Build.0 = Debug|Any CPU
		{3784C78E-8697-47AA-9728-5E8C2D041953}.Release|Any CPU.ActiveCfg = Release|Any CPU
		{3784C78E-8697-47AA-9728-5E8C2D041953}.Release|Any CPU.Build.0 = Release|Any CPU
	EndGlobalSection
	GlobalSection(SolutionProperties) = preSolution
		HideSolutionNode = FALSE
	EndGlobalSection
	GlobalSection(ExtensibilityGlobals) = postSolution
		SolutionGuid = {6E256B5E-7E5F-49B3-9B58-AFD7179F7E61}
	EndGlobalSection
EndGlobal
