
Microsoft Visual Studio Solution File, Format Version 12.00
# Visual Studio Version 16
VisualStudioVersion = 16.0.33027.164
MinimumVisualStudioVersion = 10.0.40219.1
Project("{FAE04EC0-301F-11D3-BF4B-00C04F79EFBC}") = "MindrayBC6200Service", "MindrayBC6200Service\MindrayBC6200Service.csproj", "{8AE2F705-6D6F-454C-9F8B-9AD434A4BEBF}"
EndProject
Global
	GlobalSection(SolutionConfigurationPlatforms) = preSolution
		Debug|Any CPU = Debug|Any CPU
		Release|Any CPU = Release|Any CPU
	EndGlobalSection
	GlobalSection(ProjectConfigurationPlatforms) = postSolution
		{8AE2F705-6D6F-454C-9F8B-9AD434A4BEBF}.Debug|Any CPU.ActiveCfg = Debug|Any CPU
		{8AE2F705-6D6F-454C-9F8B-9AD434A4BEBF}.Debug|Any CPU.Build.0 = Debug|Any CPU
		{8AE2F705-6D6F-454C-9F8B-9AD434A4BEBF}.Release|Any CPU.ActiveCfg = Release|Any CPU
		{8AE2F705-6D6F-454C-9F8B-9AD434A4BEBF}.Release|Any CPU.Build.0 = Release|Any CPU
	EndGlobalSection
	GlobalSection(SolutionProperties) = preSolution
		HideSolutionNode = FALSE
	EndGlobalSection
	GlobalSection(ExtensibilityGlobals) = postSolution
		SolutionGuid = {7E38BD1A-8EC5-4982-96A0-4BA973279FC8}
	EndGlobalSection
EndGlobal
